
Microsoft Visual Studio Solution File, Format Version 12.00
# Visual Studio Version 16
VisualStudioVersion = 16.0.32002.261
MinimumVisualStudioVersion = 10.0.40219.1
Project("{8BC9CEB8-8B4A-11D0-8D11-00A0C91BC942}") = "FpgaPrgFmt", "FpgaPrgFmt.vcxproj", "{1DDA4CD3-4218-4DC5-B5B5-9FDA87F6AD75}"
EndProject
Global
	GlobalSection(SolutionConfigurationPlatforms) = preSolution
		Debug|x64 = Debug|x64
		Debug|x86 = Debug|x86
		Release|x64 = Release|x64
		Release|x86 = Release|x86
	EndGlobalSection
	GlobalSection(ProjectConfigurationPlatforms) = postSolution
		{1DDA4CD3-4218-4DC5-B5B5-9FDA87F6AD75}.Debug|x64.ActiveCfg = Debug|x64
		{1DDA4CD3-4218-4DC5-B5B5-9FDA87F6AD75}.Debug|x64.Build.0 = Debug|x64
		{1DDA4CD3-4218-4DC5-B5B5-9FDA87F6AD75}.Debug|x86.ActiveCfg = Debug|Win32
		{1DDA4CD3-4218-4DC5-B5B5-9FDA87F6AD75}.Debug|x86.Build.0 = Debug|Win32
		{1DDA4CD3-4218-4DC5-B5B5-9FDA87F6AD75}.Release|x64.ActiveCfg = Release|x64
		{1DDA4CD3-4218-4DC5-B5B5-9FDA87F6AD75}.Release|x64.Build.0 = Release|x64
		{1DDA4CD3-4218-4DC5-B5B5-9FDA87F6AD75}.Release|x86.ActiveCfg = Release|Win32
		{1DDA4CD3-4218-4DC5-B5B5-9FDA87F6AD75}.Release|x86.Build.0 = Release|Win32
	EndGlobalSection
	GlobalSection(SolutionProperties) = preSolution
		HideSolutionNode = FALSE
	EndGlobalSection
	GlobalSection(ExtensibilityGlobals) = postSolution
		SolutionGuid = {62C821D1-7108-4026-845B-4A19DADD7847}
	EndGlobalSection
EndGlobal
