
Microsoft Visual Studio Solution File, Format Version 12.00
# Visual Studio Version 16
VisualStudioVersion = 16.0.31729.503
MinimumVisualStudioVersion = 10.0.40219.1
Project("{8BC9CEB8-8B4A-11D0-8D11-00A0C91BC942}") = "NetCapture", "NetCapture.vcxproj", "{8A4EB8AC-54D5-44FB-A113-8C054A47ED65}"
EndProject
Global
	GlobalSection(SolutionConfigurationPlatforms) = preSolution
		Debug|x64 = Debug|x64
		Debug|x86 = Debug|x86
		Release|x64 = Release|x64
		Release|x86 = Release|x86
	EndGlobalSection
	GlobalSection(ProjectConfigurationPlatforms) = postSolution
		{8A4EB8AC-54D5-44FB-A113-8C054A47ED65}.Debug|x64.ActiveCfg = Debug|x64
		{8A4EB8AC-54D5-44FB-A113-8C054A47ED65}.Debug|x64.Build.0 = Debug|x64
		{8A4EB8AC-54D5-44FB-A113-8C054A47ED65}.Debug|x86.ActiveCfg = Debug|Win32
		{8A4EB8AC-54D5-44FB-A113-8C054A47ED65}.Debug|x86.Build.0 = Debug|Win32
		{8A4EB8AC-54D5-44FB-A113-8C054A47ED65}.Release|x64.ActiveCfg = Release|x64
		{8A4EB8AC-54D5-44FB-A113-8C054A47ED65}.Release|x64.Build.0 = Release|x64
		{8A4EB8AC-54D5-44FB-A113-8C054A47ED65}.Release|x86.ActiveCfg = Release|Win32
		{8A4EB8AC-54D5-44FB-A113-8C054A47ED65}.Release|x86.Build.0 = Release|Win32
	EndGlobalSection
	GlobalSection(SolutionProperties) = preSolution
		HideSolutionNode = FALSE
	EndGlobalSection
	GlobalSection(ExtensibilityGlobals) = postSolution
		SolutionGuid = {C667289F-DB07-4E8A-86C7-5989D1F3B7EC}
	EndGlobalSection
EndGlobal
